{
    "_readme": [
        "This file locks the dependencies of your project to a known state",
        "Read more about it at https://getcomposer.org/doc/01-basic-usage.md#composer-lock-the-lock-file",
        "This file is @generated automatically"
    ],
    "hash": "ac9dc522b46fa243d64646d22cf3c8a5",
    "content-hash": "fe62afc23eacc6ce39ebcee2d81e6fda",
    "packages": [
        {
            "name": "bozerkins/clickhouse-client",
            "version": "v1.0.0",
            "source": {
                "type": "git",
                "url": "https://github.com/bozerkins/clickhouse-client.git",
                "reference": "e028cbd2857daa96a39ae96b42fe20c47fd67902"
            },
            "dist": {
                "type": "zip",
                "url": "https://api.github.com/repos/bozerkins/clickhouse-client/zipball/e028cbd2857daa96a39ae96b42fe20c47fd67902",
                "reference": "e028cbd2857daa96a39ae96b42fe20c47fd67902",
                "shasum": ""
            },
            "require": {
                "ext-curl": "*",
                "ext-json": "*",
                "php": ">=7.0",
                "symfony/options-resolver": ">=2.8"
            },
            "require-dev": {
                "phpunit/phpunit": "^6.2",
                "symfony/var-dumper": ">=2.8"
            },
            "type": "library",
            "autoload": {
                "psr-4": {
                    "": "src/"
                }
            },
            "notification-url": "https://packagist.org/downloads/",
            "license": [
                "MIT"
            ],
            "authors": [
                {
                    "name": "Bogdans Ozerkins",
                    "email": "b.ozerkins@gmail.com"
                }
            ],
            "description": "simple php clickhouse client",
            "time": "2018-09-03 20:01:21"
        },
        {
            "name": "symfony/options-resolver",
            "version": "v3.4.18",
            "source": {
                "type": "git",
                "url": "https://github.com/symfony/options-resolver.git",
                "reference": "1cf7d8e704a9cc4164c92e430f2dfa3e6983661d"
            },
            "dist": {
                "type": "zip",
                "url": "https://api.github.com/repos/symfony/options-resolver/zipball/1cf7d8e704a9cc4164c92e430f2dfa3e6983661d",
                "reference": "1cf7d8e704a9cc4164c92e430f2dfa3e6983661d",
                "shasum": ""
            },
            "require": {
                "php": "^5.5.9|>=7.0.8"
            },
            "type": "library",
            "extra": {
                "branch-alias": {
                    "dev-master": "3.4-dev"
                }
            },
            "autoload": {
                "psr-4": {
                    "Symfony\\Component\\OptionsResolver\\": ""
                },
                "exclude-from-classmap": [
                    "/Tests/"
                ]
            },
            "notification-url": "https://packagist.org/downloads/",
            "license": [
                "MIT"
            ],
            "authors": [
                {
                    "name": "Fabien Potencier",
                    "email": "fabien@symfony.com"
                },
                {
                    "name": "Symfony Community",
                    "homepage": "https://symfony.com/contributors"
                }
            ],
            "description": "Symfony OptionsResolver Component",
            "homepage": "https://symfony.com",
            "keywords": [
                "config",
                "configuration",
                "options"
            ],
            "time": "2018-09-17 17:29:18"
        }
    ],
    "packages-dev": [],
    "aliases": [],
    "minimum-stability": "stable",
    "stability-flags": [],
    "prefer-stable": false,
    "prefer-lowest": false,
    "platform": [],
    "platform-dev": []
}
